
Microsoft Visual Studio Solution File, Format Version 11.00
# Visual Studio 2010
Project("{FAE04EC0-301F-11D3-BF4B-00C04F79EFBC}") = "Uberball.Game.Services.MatchService", "Uberball.Game.Services.MatchService\Uberball.Game.Services.MatchService.csproj", "{8A7DA556-4893-4E0D-8728-FBCC39D079B5}"
EndProject
Project("{2150E333-8FDC-42A3-9474-1A3956D46DE8}") = "Services", "Services", "{CBA04D72-C263-49B8-B9C5-AD7905DD5FFD}"
EndProject
Project("{2150E333-8FDC-42A3-9474-1A3956D46DE8}") = "Hosts", "Hosts", "{F77D61CE-F7B8-457F-813B-6E3E527CF7BA}"
EndProject
Project("{FAE04EC0-301F-11D3-BF4B-00C04F79EFBC}") = "Uberball.Game.Services.MatchService.ConsoleHost", "Uberball.Game.Services.MatchService.ConsoleHost\Uberball.Game.Services.MatchService.ConsoleHost.csproj", "{54CA50BB-E2E7-44C7-A556-19EBA05AF37B}"
EndProject
Project("{2150E333-8FDC-42A3-9474-1A3956D46DE8}") = "Game", "Game", "{E36688EB-0A62-419C-978B-31D5448A7395}"
EndProject
Project("{FAE04EC0-301F-11D3-BF4B-00C04F79EFBC}") = "Uberball.Game.Logic.Entities", "Uberball.Game.Logic.Entities\Uberball.Game.Logic.Entities.csproj", "{FE18CAFE-2F92-4B34-AF22-872F23AF9D3D}"
EndProject
Project("{FAE04EC0-301F-11D3-BF4B-00C04F79EFBC}") = "Uberball.Game.NetworkProtocol", "Uberball.Game.NetworkProtocol\Uberball.Game.NetworkProtocol.csproj", "{773C167F-DAD9-4C61-90D1-F9C4D22EB576}"
EndProject
Project("{FAE04EC0-301F-11D3-BF4B-00C04F79EFBC}") = "Uberball.Game.Client", "Uberball.Game.Client\Uberball.Game.Client.csproj", "{78BE54C5-71D3-4CCC-8218-52903AFABC02}"
	ProjectSection(ProjectDependencies) = postProject
		{7642B8D4-7844-4219-AB04-B94B8DBBB575} = {7642B8D4-7844-4219-AB04-B94B8DBBB575}
	EndProjectSection
EndProject
Project("{FAE04EC0-301F-11D3-BF4B-00C04F79EFBC}") = "Uberball.Game.Client.Web", "Uberball.Game.Client.Web\Uberball.Game.Client.Web.csproj", "{7642B8D4-7844-4219-AB04-B94B8DBBB575}"
EndProject
Project("{2150E333-8FDC-42A3-9474-1A3956D46DE8}") = "Client", "Client", "{31DA120C-689A-4FB9-A22B-F061067CFF3A}"
EndProject
Project("{FAE04EC0-301F-11D3-BF4B-00C04F79EFBC}") = "Uberball.Game.Services.AuthenticationService", "Uberball.Game.Services.AuthenticationService\Uberball.Game.Services.AuthenticationService.csproj", "{E2472EAF-1F30-46AB-B930-76D2FCD44F8B}"
EndProject
Project("{FAE04EC0-301F-11D3-BF4B-00C04F79EFBC}") = "Uberball.Game.Services.SilverlightPolicyService.ConsoleHost", "Uberball.Game.Services.SilverlightPolicyService.ConsoleHost\Uberball.Game.Services.SilverlightPolicyService.ConsoleHost.csproj", "{21FB2B21-86AB-4BA5-A2E4-D1DB47DFCBAF}"
EndProject
Project("{FAE04EC0-301F-11D3-BF4B-00C04F79EFBC}") = "Uberball.Game.Client.Areas.MatchArea", "Uberball.Game.Client.Areas.MatchArea\Uberball.Game.Client.Areas.MatchArea.csproj", "{BD5AE16F-B547-4561-842D-C1ED8BFA0A29}"
EndProject
Global
	GlobalSection(SolutionConfigurationPlatforms) = preSolution
		Debug|Any CPU = Debug|Any CPU
		Debug|Mixed Platforms = Debug|Mixed Platforms
		Debug|x86 = Debug|x86
		Release|Any CPU = Release|Any CPU
		Release|Mixed Platforms = Release|Mixed Platforms
		Release|x86 = Release|x86
	EndGlobalSection
	GlobalSection(ProjectConfigurationPlatforms) = postSolution
		{8A7DA556-4893-4E0D-8728-FBCC39D079B5}.Debug|Any CPU.ActiveCfg = Debug|Any CPU
		{8A7DA556-4893-4E0D-8728-FBCC39D079B5}.Debug|Any CPU.Build.0 = Debug|Any CPU
		{8A7DA556-4893-4E0D-8728-FBCC39D079B5}.Debug|Mixed Platforms.ActiveCfg = Debug|Any CPU
		{8A7DA556-4893-4E0D-8728-FBCC39D079B5}.Debug|Mixed Platforms.Build.0 = Debug|Any CPU
		{8A7DA556-4893-4E0D-8728-FBCC39D079B5}.Debug|x86.ActiveCfg = Debug|Any CPU
		{8A7DA556-4893-4E0D-8728-FBCC39D079B5}.Release|Any CPU.ActiveCfg = Release|Any CPU
		{8A7DA556-4893-4E0D-8728-FBCC39D079B5}.Release|Any CPU.Build.0 = Release|Any CPU
		{8A7DA556-4893-4E0D-8728-FBCC39D079B5}.Release|Mixed Platforms.ActiveCfg = Release|Any CPU
		{8A7DA556-4893-4E0D-8728-FBCC39D079B5}.Release|Mixed Platforms.Build.0 = Release|Any CPU
		{8A7DA556-4893-4E0D-8728-FBCC39D079B5}.Release|x86.ActiveCfg = Release|Any CPU
		{54CA50BB-E2E7-44C7-A556-19EBA05AF37B}.Debug|Any CPU.ActiveCfg = Debug|x86
		{54CA50BB-E2E7-44C7-A556-19EBA05AF37B}.Debug|Mixed Platforms.ActiveCfg = Debug|x86
		{54CA50BB-E2E7-44C7-A556-19EBA05AF37B}.Debug|Mixed Platforms.Build.0 = Debug|x86
		{54CA50BB-E2E7-44C7-A556-19EBA05AF37B}.Debug|x86.ActiveCfg = Debug|x86
		{54CA50BB-E2E7-44C7-A556-19EBA05AF37B}.Debug|x86.Build.0 = Debug|x86
		{54CA50BB-E2E7-44C7-A556-19EBA05AF37B}.Release|Any CPU.ActiveCfg = Release|x86
		{54CA50BB-E2E7-44C7-A556-19EBA05AF37B}.Release|Mixed Platforms.ActiveCfg = Release|x86
		{54CA50BB-E2E7-44C7-A556-19EBA05AF37B}.Release|Mixed Platforms.Build.0 = Release|x86
		{54CA50BB-E2E7-44C7-A556-19EBA05AF37B}.Release|x86.ActiveCfg = Release|x86
		{54CA50BB-E2E7-44C7-A556-19EBA05AF37B}.Release|x86.Build.0 = Release|x86
		{FE18CAFE-2F92-4B34-AF22-872F23AF9D3D}.Debug|Any CPU.ActiveCfg = Debug|Any CPU
		{FE18CAFE-2F92-4B34-AF22-872F23AF9D3D}.Debug|Any CPU.Build.0 = Debug|Any CPU
		{FE18CAFE-2F92-4B34-AF22-872F23AF9D3D}.Debug|Mixed Platforms.ActiveCfg = Debug|Any CPU
		{FE18CAFE-2F92-4B34-AF22-872F23AF9D3D}.Debug|Mixed Platforms.Build.0 = Debug|Any CPU
		{FE18CAFE-2F92-4B34-AF22-872F23AF9D3D}.Debug|x86.ActiveCfg = Debug|Any CPU
		{FE18CAFE-2F92-4B34-AF22-872F23AF9D3D}.Release|Any CPU.ActiveCfg = Release|Any CPU
		{FE18CAFE-2F92-4B34-AF22-872F23AF9D3D}.Release|Any CPU.Build.0 = Release|Any CPU
		{FE18CAFE-2F92-4B34-AF22-872F23AF9D3D}.Release|Mixed Platforms.ActiveCfg = Release|Any CPU
		{FE18CAFE-2F92-4B34-AF22-872F23AF9D3D}.Release|Mixed Platforms.Build.0 = Release|Any CPU
		{FE18CAFE-2F92-4B34-AF22-872F23AF9D3D}.Release|x86.ActiveCfg = Release|Any CPU
		{773C167F-DAD9-4C61-90D1-F9C4D22EB576}.Debug|Any CPU.ActiveCfg = Debug|Any CPU
		{773C167F-DAD9-4C61-90D1-F9C4D22EB576}.Debug|Any CPU.Build.0 = Debug|Any CPU
		{773C167F-DAD9-4C61-90D1-F9C4D22EB576}.Debug|Mixed Platforms.ActiveCfg = Debug|Any CPU
		{773C167F-DAD9-4C61-90D1-F9C4D22EB576}.Debug|Mixed Platforms.Build.0 = Debug|Any CPU
		{773C167F-DAD9-4C61-90D1-F9C4D22EB576}.Debug|x86.ActiveCfg = Debug|Any CPU
		{773C167F-DAD9-4C61-90D1-F9C4D22EB576}.Release|Any CPU.ActiveCfg = Release|Any CPU
		{773C167F-DAD9-4C61-90D1-F9C4D22EB576}.Release|Any CPU.Build.0 = Release|Any CPU
		{773C167F-DAD9-4C61-90D1-F9C4D22EB576}.Release|Mixed Platforms.ActiveCfg = Release|Any CPU
		{773C167F-DAD9-4C61-90D1-F9C4D22EB576}.Release|Mixed Platforms.Build.0 = Release|Any CPU
		{773C167F-DAD9-4C61-90D1-F9C4D22EB576}.Release|x86.ActiveCfg = Release|Any CPU
		{78BE54C5-71D3-4CCC-8218-52903AFABC02}.Debug|Any CPU.ActiveCfg = Debug|Any CPU
		{78BE54C5-71D3-4CCC-8218-52903AFABC02}.Debug|Any CPU.Build.0 = Debug|Any CPU
		{78BE54C5-71D3-4CCC-8218-52903AFABC02}.Debug|Mixed Platforms.ActiveCfg = Debug|Any CPU
		{78BE54C5-71D3-4CCC-8218-52903AFABC02}.Debug|Mixed Platforms.Build.0 = Debug|Any CPU
		{78BE54C5-71D3-4CCC-8218-52903AFABC02}.Debug|x86.ActiveCfg = Debug|Any CPU
		{78BE54C5-71D3-4CCC-8218-52903AFABC02}.Release|Any CPU.ActiveCfg = Release|Any CPU
		{78BE54C5-71D3-4CCC-8218-52903AFABC02}.Release|Any CPU.Build.0 = Release|Any CPU
		{78BE54C5-71D3-4CCC-8218-52903AFABC02}.Release|Mixed Platforms.ActiveCfg = Release|Any CPU
		{78BE54C5-71D3-4CCC-8218-52903AFABC02}.Release|Mixed Platforms.Build.0 = Release|Any CPU
		{78BE54C5-71D3-4CCC-8218-52903AFABC02}.Release|x86.ActiveCfg = Release|Any CPU
		{7642B8D4-7844-4219-AB04-B94B8DBBB575}.Debug|Any CPU.ActiveCfg = Debug|Any CPU
		{7642B8D4-7844-4219-AB04-B94B8DBBB575}.Debug|Any CPU.Build.0 = Debug|Any CPU
		{7642B8D4-7844-4219-AB04-B94B8DBBB575}.Debug|Mixed Platforms.ActiveCfg = Debug|Any CPU
		{7642B8D4-7844-4219-AB04-B94B8DBBB575}.Debug|Mixed Platforms.Build.0 = Debug|Any CPU
		{7642B8D4-7844-4219-AB04-B94B8DBBB575}.Debug|x86.ActiveCfg = Debug|Any CPU
		{7642B8D4-7844-4219-AB04-B94B8DBBB575}.Release|Any CPU.ActiveCfg = Release|Any CPU
		{7642B8D4-7844-4219-AB04-B94B8DBBB575}.Release|Any CPU.Build.0 = Release|Any CPU
		{7642B8D4-7844-4219-AB04-B94B8DBBB575}.Release|Mixed Platforms.ActiveCfg = Release|Any CPU
		{7642B8D4-7844-4219-AB04-B94B8DBBB575}.Release|Mixed Platforms.Build.0 = Release|Any CPU
		{7642B8D4-7844-4219-AB04-B94B8DBBB575}.Release|x86.ActiveCfg = Release|Any CPU
		{E2472EAF-1F30-46AB-B930-76D2FCD44F8B}.Debug|Any CPU.ActiveCfg = Debug|Any CPU
		{E2472EAF-1F30-46AB-B930-76D2FCD44F8B}.Debug|Any CPU.Build.0 = Debug|Any CPU
		{E2472EAF-1F30-46AB-B930-76D2FCD44F8B}.Debug|Mixed Platforms.ActiveCfg = Debug|Any CPU
		{E2472EAF-1F30-46AB-B930-76D2FCD44F8B}.Debug|Mixed Platforms.Build.0 = Debug|Any CPU
		{E2472EAF-1F30-46AB-B930-76D2FCD44F8B}.Debug|x86.ActiveCfg = Debug|Any CPU
		{E2472EAF-1F30-46AB-B930-76D2FCD44F8B}.Release|Any CPU.ActiveCfg = Release|Any CPU
		{E2472EAF-1F30-46AB-B930-76D2FCD44F8B}.Release|Any CPU.Build.0 = Release|Any CPU
		{E2472EAF-1F30-46AB-B930-76D2FCD44F8B}.Release|Mixed Platforms.ActiveCfg = Release|Any CPU
		{E2472EAF-1F30-46AB-B930-76D2FCD44F8B}.Release|Mixed Platforms.Build.0 = Release|Any CPU
		{E2472EAF-1F30-46AB-B930-76D2FCD44F8B}.Release|x86.ActiveCfg = Release|Any CPU
		{21FB2B21-86AB-4BA5-A2E4-D1DB47DFCBAF}.Debug|Any CPU.ActiveCfg = Debug|x86
		{21FB2B21-86AB-4BA5-A2E4-D1DB47DFCBAF}.Debug|Mixed Platforms.ActiveCfg = Debug|x86
		{21FB2B21-86AB-4BA5-A2E4-D1DB47DFCBAF}.Debug|Mixed Platforms.Build.0 = Debug|x86
		{21FB2B21-86AB-4BA5-A2E4-D1DB47DFCBAF}.Debug|x86.ActiveCfg = Debug|x86
		{21FB2B21-86AB-4BA5-A2E4-D1DB47DFCBAF}.Debug|x86.Build.0 = Debug|x86
		{21FB2B21-86AB-4BA5-A2E4-D1DB47DFCBAF}.Release|Any CPU.ActiveCfg = Release|x86
		{21FB2B21-86AB-4BA5-A2E4-D1DB47DFCBAF}.Release|Mixed Platforms.ActiveCfg = Release|x86
		{21FB2B21-86AB-4BA5-A2E4-D1DB47DFCBAF}.Release|Mixed Platforms.Build.0 = Release|x86
		{21FB2B21-86AB-4BA5-A2E4-D1DB47DFCBAF}.Release|x86.ActiveCfg = Release|x86
		{21FB2B21-86AB-4BA5-A2E4-D1DB47DFCBAF}.Release|x86.Build.0 = Release|x86
		{BD5AE16F-B547-4561-842D-C1ED8BFA0A29}.Debug|Any CPU.ActiveCfg = Debug|Any CPU
		{BD5AE16F-B547-4561-842D-C1ED8BFA0A29}.Debug|Any CPU.Build.0 = Debug|Any CPU
		{BD5AE16F-B547-4561-842D-C1ED8BFA0A29}.Debug|Mixed Platforms.ActiveCfg = Debug|Any CPU
		{BD5AE16F-B547-4561-842D-C1ED8BFA0A29}.Debug|Mixed Platforms.Build.0 = Debug|Any CPU
		{BD5AE16F-B547-4561-842D-C1ED8BFA0A29}.Debug|x86.ActiveCfg = Debug|Any CPU
		{BD5AE16F-B547-4561-842D-C1ED8BFA0A29}.Release|Any CPU.ActiveCfg = Release|Any CPU
		{BD5AE16F-B547-4561-842D-C1ED8BFA0A29}.Release|Any CPU.Build.0 = Release|Any CPU
		{BD5AE16F-B547-4561-842D-C1ED8BFA0A29}.Release|Mixed Platforms.ActiveCfg = Release|Any CPU
		{BD5AE16F-B547-4561-842D-C1ED8BFA0A29}.Release|Mixed Platforms.Build.0 = Release|Any CPU
		{BD5AE16F-B547-4561-842D-C1ED8BFA0A29}.Release|x86.ActiveCfg = Release|Any CPU
	EndGlobalSection
	GlobalSection(SolutionProperties) = preSolution
		HideSolutionNode = FALSE
	EndGlobalSection
	GlobalSection(NestedProjects) = preSolution
		{8A7DA556-4893-4E0D-8728-FBCC39D079B5} = {CBA04D72-C263-49B8-B9C5-AD7905DD5FFD}
		{E2472EAF-1F30-46AB-B930-76D2FCD44F8B} = {CBA04D72-C263-49B8-B9C5-AD7905DD5FFD}
		{54CA50BB-E2E7-44C7-A556-19EBA05AF37B} = {F77D61CE-F7B8-457F-813B-6E3E527CF7BA}
		{7642B8D4-7844-4219-AB04-B94B8DBBB575} = {F77D61CE-F7B8-457F-813B-6E3E527CF7BA}
		{21FB2B21-86AB-4BA5-A2E4-D1DB47DFCBAF} = {F77D61CE-F7B8-457F-813B-6E3E527CF7BA}
		{FE18CAFE-2F92-4B34-AF22-872F23AF9D3D} = {E36688EB-0A62-419C-978B-31D5448A7395}
		{773C167F-DAD9-4C61-90D1-F9C4D22EB576} = {E36688EB-0A62-419C-978B-31D5448A7395}
		{78BE54C5-71D3-4CCC-8218-52903AFABC02} = {31DA120C-689A-4FB9-A22B-F061067CFF3A}
		{BD5AE16F-B547-4561-842D-C1ED8BFA0A29} = {31DA120C-689A-4FB9-A22B-F061067CFF3A}
	EndGlobalSection
EndGlobal
